{
    "_readme": [
        "This file locks the dependencies of your project to a known state",
        "Read more about it at https://getcomposer.org/doc/01-basic-usage.md#installing-dependencies",
        "This file is @generated automatically"
    ],
    "content-hash": "31c8995f26208651ee9f38a94ac6f41f",
    "packages": [
        {
            "name": "bcosca/fatfree-core",
            "version": "3.9.0",
            "source": {
                "type": "git",
                "url": "https://github.com/f3-factory/fatfree-core.git",
                "reference": "227b3b03315ab86b1601d9e9fd8e07efbedf6ab9"
            },
            "dist": {
                "type": "zip",
                "url": "https://api.github.com/repos/f3-factory/fatfree-core/zipball/227b3b03315ab86b1601d9e9fd8e07efbedf6ab9",
                "reference": "227b3b03315ab86b1601d9e9fd8e07efbedf6ab9",
                "shasum": ""
            },
            "require": {
                "php": ">=7.2"
            },
            "type": "library",
            "autoload": {
                "classmap": [
                    "."
                ]
            },
            "notification-url": "https://packagist.org/downloads/",
            "license": [
                "GPL-3.0"
            ],
            "description": "A powerful yet easy-to-use PHP micro-framework designed to help you build dynamic and robust Web applications - fast!",
            "homepage": "http://fatfreeframework.com/",
            "support": {
                "issues": "https://github.com/f3-factory/fatfree-core/issues",
                "source": "https://github.com/f3-factory/fatfree-core/tree/3.9.0"
            },
            "funding": [
                {
                    "url": "https://www.buymeacoffee.com/ikkez",
                    "type": "buy_me_a_coffee"
                },
                {
                    "url": "https://github.com/ikkez",
                    "type": "github"
                }
            ],
            "time": "2024-12-31T17:11:04+00:00"
        },
        {
            "name": "ikkez/f3-flash",
            "version": "1.0.2",
            "source": {
                "type": "git",
                "url": "https://github.com/ikkez/f3-flash.git",
                "reference": "ebe20c4e35408f4b03211d946dfbafe375b385a1"
            },
            "dist": {
                "type": "zip",
                "url": "https://api.github.com/repos/ikkez/f3-flash/zipball/ebe20c4e35408f4b03211d946dfbafe375b385a1",
                "reference": "ebe20c4e35408f4b03211d946dfbafe375b385a1",
                "shasum": ""
            },
            "type": "library",
            "autoload": {
                "classmap": [
                    "lib/"
                ]
            },
            "notification-url": "https://packagist.org/downloads/",
            "license": [
                "GPL-3.0"
            ],
            "description": "Add simple Flash Messages and Flash Keys to PHP Fat-Free Framework",
            "homepage": "https://github.com/ikkez/f3-flash",
            "keywords": [
                "F3",
                "fatfree",
                "flash",
                "session"
            ],
            "support": {
                "issues": "https://github.com/ikkez/f3-flash/issues",
                "source": "https://github.com/ikkez/f3-flash/tree/1.0.2"
            },
            "time": "2020-12-13T08:43:57+00:00"
        }
    ],
    "packages-dev": [],
    "aliases": [],
    "minimum-stability": "stable",
    "stability-flags": {},
    "prefer-stable": false,
    "prefer-lowest": false,
    "platform": {},
    "platform-dev": {},
    "plugin-api-version": "2.6.0"
}
